
Microsoft Visual Studio Solution File, Format Version 12.00
# Visual Studio Version 16
VisualStudioVersion = 16.0.35425.106
MinimumVisualStudioVersion = 10.0.40219.1
Project("{FAE04EC0-301F-11D3-BF4B-00C04F79EFBC}") = "ASP.NET-WebApplication1", "ASP.NET-WebApplication1\ASP.NET-WebApplication1.csproj", "{A10AA991-9C15-4C89-BDF8-D9DF5D124C0F}"
EndProject
Global
	GlobalSection(SolutionConfigurationPlatforms) = preSolution
		Debug|Any CPU = Debug|Any CPU
		Release|Any CPU = Release|Any CPU
	EndGlobalSection
	GlobalSection(ProjectConfigurationPlatforms) = postSolution
		{A10AA991-9C15-4C89-BDF8-D9DF5D124C0F}.Debug|Any CPU.ActiveCfg = Debug|Any CPU
		{A10AA991-9C15-4C89-BDF8-D9DF5D124C0F}.Debug|Any CPU.Build.0 = Debug|Any CPU
		{A10AA991-9C15-4C89-BDF8-D9DF5D124C0F}.Release|Any CPU.ActiveCfg = Release|Any CPU
		{A10AA991-9C15-4C89-BDF8-D9DF5D124C0F}.Release|Any CPU.Build.0 = Release|Any CPU
	EndGlobalSection
	GlobalSection(SolutionProperties) = preSolution
		HideSolutionNode = FALSE
	EndGlobalSection
	GlobalSection(ExtensibilityGlobals) = postSolution
		SolutionGuid = {B102F957-5336-4CE7-B6A8-270F4043C33D}
	EndGlobalSection
EndGlobal
